
Microsoft Visual Studio Solution File, Format Version 12.00
# Visual Studio Version 17
VisualStudioVersion = 17.2.32602.215
MinimumVisualStudioVersion = 10.0.40219.1
Project("{FAE04EC0-301F-11D3-BF4B-00C04F79EFBC}") = "facturier", "facturier\facturier.csproj", "{635062F2-A269-472B-BAEC-B9DC47D10E03}"
EndProject
Global
	GlobalSection(SolutionConfigurationPlatforms) = preSolution
		Debug|Any CPU = Debug|Any CPU
		Release|Any CPU = Release|Any CPU
	EndGlobalSection
	GlobalSection(ProjectConfigurationPlatforms) = postSolution
		{635062F2-A269-472B-BAEC-B9DC47D10E03}.Debug|Any CPU.ActiveCfg = Debug|Any CPU
		{635062F2-A269-472B-BAEC-B9DC47D10E03}.Debug|Any CPU.Build.0 = Debug|Any CPU
		{635062F2-A269-472B-BAEC-B9DC47D10E03}.Release|Any CPU.ActiveCfg = Release|Any CPU
		{635062F2-A269-472B-BAEC-B9DC47D10E03}.Release|Any CPU.Build.0 = Release|Any CPU
	EndGlobalSection
	GlobalSection(SolutionProperties) = preSolution
		HideSolutionNode = FALSE
	EndGlobalSection
	GlobalSection(ExtensibilityGlobals) = postSolution
		SolutionGuid = {2002F2A5-8A58-498F-BDB9-848D1C7C191F}
	EndGlobalSection
EndGlobal
